
Microsoft Visual Studio Solution File, Format Version 12.00
# Visual Studio 15
VisualStudioVersion = 15.0.26403.7
MinimumVisualStudioVersion = 10.0.40219.1
Project("{FAE04EC0-301F-11D3-BF4B-00C04F79EFBC}") = "SignSystemApi", "SignSystemApi\SignSystemApi.csproj", "{61D2F01A-504B-4450-BE88-BD0D6396E2E1}"
EndProject
Project("{FAE04EC0-301F-11D3-BF4B-00C04F79EFBC}") = "SignSystemApi.Tests", "SignSystemApi.Tests\SignSystemApi.Tests.csproj", "{77AF03DD-0316-4215-ABED-AD4D5EAB6A21}"
EndProject
Project("{FAE04EC0-301F-11D3-BF4B-00C04F79EFBC}") = "nightowlsign.data", "..\nightowlsigns\nightowlsign.data\nightowlsign.data.csproj", "{E006FAC5-FA56-4A62-921C-2E0CC550AE5F}"
EndProject
Project("{FAE04EC0-301F-11D3-BF4B-00C04F79EFBC}") = "SignSystem.DTO", "SignSystem.DTO\SignSystem.DTO.csproj", "{DBCD819B-48E9-44A6-9597-D9245A39E851}"
EndProject
Global
	GlobalSection(SolutionConfigurationPlatforms) = preSolution
		Debug|Any CPU = Debug|Any CPU
		Release|Any CPU = Release|Any CPU
	EndGlobalSection
	GlobalSection(ProjectConfigurationPlatforms) = postSolution
		{61D2F01A-504B-4450-BE88-BD0D6396E2E1}.Debug|Any CPU.ActiveCfg = Debug|Any CPU
		{61D2F01A-504B-4450-BE88-BD0D6396E2E1}.Debug|Any CPU.Build.0 = Debug|Any CPU
		{61D2F01A-504B-4450-BE88-BD0D6396E2E1}.Release|Any CPU.ActiveCfg = Release|Any CPU
		{61D2F01A-504B-4450-BE88-BD0D6396E2E1}.Release|Any CPU.Build.0 = Release|Any CPU
		{77AF03DD-0316-4215-ABED-AD4D5EAB6A21}.Debug|Any CPU.ActiveCfg = Debug|Any CPU
		{77AF03DD-0316-4215-ABED-AD4D5EAB6A21}.Debug|Any CPU.Build.0 = Debug|Any CPU
		{77AF03DD-0316-4215-ABED-AD4D5EAB6A21}.Release|Any CPU.ActiveCfg = Release|Any CPU
		{77AF03DD-0316-4215-ABED-AD4D5EAB6A21}.Release|Any CPU.Build.0 = Release|Any CPU
		{E006FAC5-FA56-4A62-921C-2E0CC550AE5F}.Debug|Any CPU.ActiveCfg = Debug|Any CPU
		{E006FAC5-FA56-4A62-921C-2E0CC550AE5F}.Debug|Any CPU.Build.0 = Debug|Any CPU
		{E006FAC5-FA56-4A62-921C-2E0CC550AE5F}.Release|Any CPU.ActiveCfg = Release|Any CPU
		{E006FAC5-FA56-4A62-921C-2E0CC550AE5F}.Release|Any CPU.Build.0 = Release|Any CPU
		{DBCD819B-48E9-44A6-9597-D9245A39E851}.Debug|Any CPU.ActiveCfg = Debug|Any CPU
		{DBCD819B-48E9-44A6-9597-D9245A39E851}.Debug|Any CPU.Build.0 = Debug|Any CPU
		{DBCD819B-48E9-44A6-9597-D9245A39E851}.Release|Any CPU.ActiveCfg = Release|Any CPU
		{DBCD819B-48E9-44A6-9597-D9245A39E851}.Release|Any CPU.Build.0 = Release|Any CPU
	EndGlobalSection
	GlobalSection(SolutionProperties) = preSolution
		HideSolutionNode = FALSE
	EndGlobalSection
EndGlobal
